
Microsoft Visual Studio Solution File, Format Version 12.00
# Visual Studio 14
VisualStudioVersion = 14.0.25420.1
MinimumVisualStudioVersion = 10.0.40219.1
Project("{FAE04EC0-301F-11D3-BF4B-00C04F79EFBC}") = "Test_WpfApplication1", "Test_WpfApplication1\Test_WpfApplication1.csproj", "{63BE3C8B-7B68-4674-B700-0DF1C279A4AB}"
EndProject
Project("{FAE04EC0-301F-11D3-BF4B-00C04F79EFBC}") = "FirstTryApplication", "FirstTryApplication\FirstTryApplication.csproj", "{493400AB-6F43-4858-BC7A-B9AC71640CC8}"
EndProject
Global
	GlobalSection(SolutionConfigurationPlatforms) = preSolution
		Debug|Any CPU = Debug|Any CPU
		Release|Any CPU = Release|Any CPU
	EndGlobalSection
	GlobalSection(ProjectConfigurationPlatforms) = postSolution
		{63BE3C8B-7B68-4674-B700-0DF1C279A4AB}.Debug|Any CPU.ActiveCfg = Debug|Any CPU
		{63BE3C8B-7B68-4674-B700-0DF1C279A4AB}.Debug|Any CPU.Build.0 = Debug|Any CPU
		{63BE3C8B-7B68-4674-B700-0DF1C279A4AB}.Release|Any CPU.ActiveCfg = Release|Any CPU
		{63BE3C8B-7B68-4674-B700-0DF1C279A4AB}.Release|Any CPU.Build.0 = Release|Any CPU
		{493400AB-6F43-4858-BC7A-B9AC71640CC8}.Debug|Any CPU.ActiveCfg = Debug|Any CPU
		{493400AB-6F43-4858-BC7A-B9AC71640CC8}.Debug|Any CPU.Build.0 = Debug|Any CPU
		{493400AB-6F43-4858-BC7A-B9AC71640CC8}.Release|Any CPU.ActiveCfg = Release|Any CPU
		{493400AB-6F43-4858-BC7A-B9AC71640CC8}.Release|Any CPU.Build.0 = Release|Any CPU
	EndGlobalSection
	GlobalSection(SolutionProperties) = preSolution
		HideSolutionNode = FALSE
	EndGlobalSection
EndGlobal
