
Microsoft Visual Studio Solution File, Format Version 12.00
# Visual Studio 14
VisualStudioVersion = 14.0.25420.1
MinimumVisualStudioVersion = 10.0.40219.1
Project("{FAE04EC0-301F-11D3-BF4B-00C04F79EFBC}") = "Test_WpfApplication1", "Test_WpfApplication1\Test_WpfApplication1.csproj", "{63BE3C8B-7B68-4674-B700-0DF1C279A4AB}"
EndProject
Project("{FAE04EC0-301F-11D3-BF4B-00C04F79EFBC}") = "FirstTryApplication", "FirstTryApplication\FirstTryApplication.csproj", "{493400AB-6F43-4858-BC7A-B9AC71640CC8}"
EndProject
Project("{FAE04EC0-301F-11D3-BF4B-00C04F79EFBC}") = "Eingabeformular", "Eingabeformular\Eingabeformular.csproj", "{A129023A-55EF-47B3-944A-492C0194114A}"
EndProject
Project("{FAE04EC0-301F-11D3-BF4B-00C04F79EFBC}") = "VorlesungsUebung_2", "VorlesungsUebung_2\VorlesungsUebung_2.csproj", "{3DB70BE0-5A89-4BA4-A952-EB11E07C7A25}"
EndProject
Global
	GlobalSection(SolutionConfigurationPlatforms) = preSolution
		Debug|Any CPU = Debug|Any CPU
		Release|Any CPU = Release|Any CPU
	EndGlobalSection
	GlobalSection(ProjectConfigurationPlatforms) = postSolution
		{63BE3C8B-7B68-4674-B700-0DF1C279A4AB}.Debug|Any CPU.ActiveCfg = Debug|Any CPU
		{63BE3C8B-7B68-4674-B700-0DF1C279A4AB}.Debug|Any CPU.Build.0 = Debug|Any CPU
		{63BE3C8B-7B68-4674-B700-0DF1C279A4AB}.Release|Any CPU.ActiveCfg = Release|Any CPU
		{63BE3C8B-7B68-4674-B700-0DF1C279A4AB}.Release|Any CPU.Build.0 = Release|Any CPU
		{493400AB-6F43-4858-BC7A-B9AC71640CC8}.Debug|Any CPU.ActiveCfg = Debug|Any CPU
		{493400AB-6F43-4858-BC7A-B9AC71640CC8}.Debug|Any CPU.Build.0 = Debug|Any CPU
		{493400AB-6F43-4858-BC7A-B9AC71640CC8}.Release|Any CPU.ActiveCfg = Release|Any CPU
		{493400AB-6F43-4858-BC7A-B9AC71640CC8}.Release|Any CPU.Build.0 = Release|Any CPU
		{A129023A-55EF-47B3-944A-492C0194114A}.Debug|Any CPU.ActiveCfg = Debug|Any CPU
		{A129023A-55EF-47B3-944A-492C0194114A}.Debug|Any CPU.Build.0 = Debug|Any CPU
		{A129023A-55EF-47B3-944A-492C0194114A}.Release|Any CPU.ActiveCfg = Release|Any CPU
		{A129023A-55EF-47B3-944A-492C0194114A}.Release|Any CPU.Build.0 = Release|Any CPU
		{3DB70BE0-5A89-4BA4-A952-EB11E07C7A25}.Debug|Any CPU.ActiveCfg = Debug|Any CPU
		{3DB70BE0-5A89-4BA4-A952-EB11E07C7A25}.Debug|Any CPU.Build.0 = Debug|Any CPU
		{3DB70BE0-5A89-4BA4-A952-EB11E07C7A25}.Release|Any CPU.ActiveCfg = Release|Any CPU
		{3DB70BE0-5A89-4BA4-A952-EB11E07C7A25}.Release|Any CPU.Build.0 = Release|Any CPU
	EndGlobalSection
	GlobalSection(SolutionProperties) = preSolution
		HideSolutionNode = FALSE
	EndGlobalSection
EndGlobal
